
Microsoft Visual Studio Solution File, Format Version 12.00
# Visual Studio Version 16
VisualStudioVersion = 16.0.31911.196
MinimumVisualStudioVersion = 10.0.40219.1
Project("{9A19103F-16F7-4668-BE54-9A1E7A4F7556}") = "Business", "Business\Business.csproj", "{DF5EC14C-38A0-4843-9B3B-27ADF7FCF188}"
EndProject
Project("{9A19103F-16F7-4668-BE54-9A1E7A4F7556}") = "DataAccess", "DataAccess\DataAccess.csproj", "{1BE7B389-DD56-4638-9D4F-547C5012AD53}"
EndProject
Project("{9A19103F-16F7-4668-BE54-9A1E7A4F7556}") = "Entities", "Entities\Entities.csproj", "{F3506D39-8818-4271-B3BD-DE4E1B73FCA9}"
EndProject
Project("{FAE04EC0-301F-11D3-BF4B-00C04F79EFBC}") = "MainForm", "MainForm\MainForm.csproj", "{85EDF59B-C2DB-420F-BDFC-FC61B49137AA}"
EndProject
Global
	GlobalSection(SolutionConfigurationPlatforms) = preSolution
		Debug|Any CPU = Debug|Any CPU
		Release|Any CPU = Release|Any CPU
	EndGlobalSection
	GlobalSection(ProjectConfigurationPlatforms) = postSolution
		{DF5EC14C-38A0-4843-9B3B-27ADF7FCF188}.Debug|Any CPU.ActiveCfg = Debug|Any CPU
		{DF5EC14C-38A0-4843-9B3B-27ADF7FCF188}.Debug|Any CPU.Build.0 = Debug|Any CPU
		{DF5EC14C-38A0-4843-9B3B-27ADF7FCF188}.Release|Any CPU.ActiveCfg = Release|Any CPU
		{DF5EC14C-38A0-4843-9B3B-27ADF7FCF188}.Release|Any CPU.Build.0 = Release|Any CPU
		{1BE7B389-DD56-4638-9D4F-547C5012AD53}.Debug|Any CPU.ActiveCfg = Debug|Any CPU
		{1BE7B389-DD56-4638-9D4F-547C5012AD53}.Debug|Any CPU.Build.0 = Debug|Any CPU
		{1BE7B389-DD56-4638-9D4F-547C5012AD53}.Release|Any CPU.ActiveCfg = Release|Any CPU
		{1BE7B389-DD56-4638-9D4F-547C5012AD53}.Release|Any CPU.Build.0 = Release|Any CPU
		{F3506D39-8818-4271-B3BD-DE4E1B73FCA9}.Debug|Any CPU.ActiveCfg = Debug|Any CPU
		{F3506D39-8818-4271-B3BD-DE4E1B73FCA9}.Debug|Any CPU.Build.0 = Debug|Any CPU
		{F3506D39-8818-4271-B3BD-DE4E1B73FCA9}.Release|Any CPU.ActiveCfg = Release|Any CPU
		{F3506D39-8818-4271-B3BD-DE4E1B73FCA9}.Release|Any CPU.Build.0 = Release|Any CPU
		{85EDF59B-C2DB-420F-BDFC-FC61B49137AA}.Debug|Any CPU.ActiveCfg = Debug|Any CPU
		{85EDF59B-C2DB-420F-BDFC-FC61B49137AA}.Debug|Any CPU.Build.0 = Debug|Any CPU
		{85EDF59B-C2DB-420F-BDFC-FC61B49137AA}.Release|Any CPU.ActiveCfg = Release|Any CPU
		{85EDF59B-C2DB-420F-BDFC-FC61B49137AA}.Release|Any CPU.Build.0 = Release|Any CPU
	EndGlobalSection
	GlobalSection(SolutionProperties) = preSolution
		HideSolutionNode = FALSE
	EndGlobalSection
	GlobalSection(ExtensibilityGlobals) = postSolution
		SolutionGuid = {2BA36304-0EE9-4CA5-AD3E-E486E8358267}
	EndGlobalSection
EndGlobal
